
Microsoft Visual Studio Solution File, Format Version 12.00
# Visual Studio Version 17
VisualStudioVersion = 17.4.33213.308
MinimumVisualStudioVersion = 10.0.40219.1
Project("{FAE04EC0-301F-11D3-BF4B-00C04F79EFBC}") = "Paint-Basic", "Paint-Basic\Paint-Basic.csproj", "{6D3A4940-A35F-4555-BA31-62556A2CF92C}"
EndProject
Global
	GlobalSection(SolutionConfigurationPlatforms) = preSolution
		Debug|Any CPU = Debug|Any CPU
		Release|Any CPU = Release|Any CPU
	EndGlobalSection
	GlobalSection(ProjectConfigurationPlatforms) = postSolution
		{6D3A4940-A35F-4555-BA31-62556A2CF92C}.Debug|Any CPU.ActiveCfg = Debug|Any CPU
		{6D3A4940-A35F-4555-BA31-62556A2CF92C}.Debug|Any CPU.Build.0 = Debug|Any CPU
		{6D3A4940-A35F-4555-BA31-62556A2CF92C}.Release|Any CPU.ActiveCfg = Release|Any CPU
		{6D3A4940-A35F-4555-BA31-62556A2CF92C}.Release|Any CPU.Build.0 = Release|Any CPU
	EndGlobalSection
	GlobalSection(SolutionProperties) = preSolution
		HideSolutionNode = FALSE
	EndGlobalSection
	GlobalSection(ExtensibilityGlobals) = postSolution
		SolutionGuid = {1064751D-602B-455D-AA88-B0C4A54349E6}
	EndGlobalSection
EndGlobal
